
Microsoft Visual Studio Solution File, Format Version 12.00
# Visual Studio Version 16
VisualStudioVersion = 16.0.30204.135
MinimumVisualStudioVersion = 10.0.40219.1
Project("{2150E333-8FDC-42A3-9474-1A3956D46DE8}") = "src", "src", "{6D8AB277-0374-4181-9D5D-BA14EFDCE82C}"
EndProject
Project("{9A19103F-16F7-4668-BE54-9A1E7A4F7556}") = "ApiMarkdownGenerator", "src\ApiMarkdownGenerator\ApiMarkdownGenerator.csproj", "{C938A6E3-8048-40C7-BC43-E0D4E3079524}"
EndProject
Global
	GlobalSection(SolutionConfigurationPlatforms) = preSolution
		Debug|Any CPU = Debug|Any CPU
		Release|Any CPU = Release|Any CPU
	EndGlobalSection
	GlobalSection(ProjectConfigurationPlatforms) = postSolution
		{C938A6E3-8048-40C7-BC43-E0D4E3079524}.Debug|Any CPU.ActiveCfg = Debug|Any CPU
		{C938A6E3-8048-40C7-BC43-E0D4E3079524}.Debug|Any CPU.Build.0 = Debug|Any CPU
		{C938A6E3-8048-40C7-BC43-E0D4E3079524}.Release|Any CPU.ActiveCfg = Release|Any CPU
		{C938A6E3-8048-40C7-BC43-E0D4E3079524}.Release|Any CPU.Build.0 = Release|Any CPU
	EndGlobalSection
	GlobalSection(SolutionProperties) = preSolution
		HideSolutionNode = FALSE
	EndGlobalSection
	GlobalSection(NestedProjects) = preSolution
		{C938A6E3-8048-40C7-BC43-E0D4E3079524} = {6D8AB277-0374-4181-9D5D-BA14EFDCE82C}
	EndGlobalSection
	GlobalSection(ExtensibilityGlobals) = postSolution
		SolutionGuid = {70E655B8-5CF4-4A00-B8BA-243B71A86AFA}
	EndGlobalSection
EndGlobal
